
Microsoft Visual Studio Solution File, Format Version 12.00
# Visual Studio 14
VisualStudioVersion = 14.0.25420.1
MinimumVisualStudioVersion = 10.0.40219.1
Project("{FAE04EC0-301F-11D3-BF4B-00C04F79EFBC}") = "Cluster", "Cluster\Cluster.csproj", "{0103B393-DAD5-4D81-90CC-5AB22001B626}"
EndProject
Project("{FAE04EC0-301F-11D3-BF4B-00C04F79EFBC}") = "Models", "Models\Models.csproj", "{4B7C43B7-15CB-4624-8500-E45A7CD5C88F}"
EndProject
Project("{FAE04EC0-301F-11D3-BF4B-00C04F79EFBC}") = "Cluster2", "Cluster2\Cluster2.csproj", "{5166094A-C6DF-4DE8-A23A-525B2FEBC522}"
EndProject
Project("{FAE04EC0-301F-11D3-BF4B-00C04F79EFBC}") = "Cluster3", "Cluster3\Cluster3.csproj", "{93E87082-F3AA-4C22-8AE0-9489CD639830}"
EndProject
Project("{FAE04EC0-301F-11D3-BF4B-00C04F79EFBC}") = "ConsoleGUI", "ConsoleGUI\ConsoleGUI.csproj", "{C328A129-55D3-43D8-9F98-D939BB476A90}"
EndProject
Global
	GlobalSection(SolutionConfigurationPlatforms) = preSolution
		Debug|Any CPU = Debug|Any CPU
		Release|Any CPU = Release|Any CPU
	EndGlobalSection
	GlobalSection(ProjectConfigurationPlatforms) = postSolution
		{0103B393-DAD5-4D81-90CC-5AB22001B626}.Debug|Any CPU.ActiveCfg = Debug|Any CPU
		{0103B393-DAD5-4D81-90CC-5AB22001B626}.Debug|Any CPU.Build.0 = Debug|Any CPU
		{0103B393-DAD5-4D81-90CC-5AB22001B626}.Release|Any CPU.ActiveCfg = Release|Any CPU
		{0103B393-DAD5-4D81-90CC-5AB22001B626}.Release|Any CPU.Build.0 = Release|Any CPU
		{4B7C43B7-15CB-4624-8500-E45A7CD5C88F}.Debug|Any CPU.ActiveCfg = Debug|Any CPU
		{4B7C43B7-15CB-4624-8500-E45A7CD5C88F}.Debug|Any CPU.Build.0 = Debug|Any CPU
		{4B7C43B7-15CB-4624-8500-E45A7CD5C88F}.Release|Any CPU.ActiveCfg = Release|Any CPU
		{4B7C43B7-15CB-4624-8500-E45A7CD5C88F}.Release|Any CPU.Build.0 = Release|Any CPU
		{5166094A-C6DF-4DE8-A23A-525B2FEBC522}.Debug|Any CPU.ActiveCfg = Debug|Any CPU
		{5166094A-C6DF-4DE8-A23A-525B2FEBC522}.Debug|Any CPU.Build.0 = Debug|Any CPU
		{5166094A-C6DF-4DE8-A23A-525B2FEBC522}.Release|Any CPU.ActiveCfg = Release|Any CPU
		{5166094A-C6DF-4DE8-A23A-525B2FEBC522}.Release|Any CPU.Build.0 = Release|Any CPU
		{93E87082-F3AA-4C22-8AE0-9489CD639830}.Debug|Any CPU.ActiveCfg = Debug|Any CPU
		{93E87082-F3AA-4C22-8AE0-9489CD639830}.Debug|Any CPU.Build.0 = Debug|Any CPU
		{93E87082-F3AA-4C22-8AE0-9489CD639830}.Release|Any CPU.ActiveCfg = Release|Any CPU
		{93E87082-F3AA-4C22-8AE0-9489CD639830}.Release|Any CPU.Build.0 = Release|Any CPU
		{C328A129-55D3-43D8-9F98-D939BB476A90}.Debug|Any CPU.ActiveCfg = Debug|Any CPU
		{C328A129-55D3-43D8-9F98-D939BB476A90}.Debug|Any CPU.Build.0 = Debug|Any CPU
		{C328A129-55D3-43D8-9F98-D939BB476A90}.Release|Any CPU.ActiveCfg = Release|Any CPU
		{C328A129-55D3-43D8-9F98-D939BB476A90}.Release|Any CPU.Build.0 = Release|Any CPU
	EndGlobalSection
	GlobalSection(SolutionProperties) = preSolution
		HideSolutionNode = FALSE
	EndGlobalSection
EndGlobal
